
Microsoft Visual Studio Solution File, Format Version 12.00
# Visual Studio Version 17
VisualStudioVersion = 17.7.34221.43
MinimumVisualStudioVersion = 10.0.40219.1
Project("{FAE04EC0-301F-11D3-BF4B-00C04F79EFBC}") = "aksdotnetapp", "aksdotnetapp\aksdotnetapp.csproj", "{64A3F377-018C-4CED-922D-827923035FDB}"
EndProject
Global
	GlobalSection(SolutionConfigurationPlatforms) = preSolution
		Debug|Any CPU = Debug|Any CPU
		Release|Any CPU = Release|Any CPU
	EndGlobalSection
	GlobalSection(ProjectConfigurationPlatforms) = postSolution
		{64A3F377-018C-4CED-922D-827923035FDB}.Debug|Any CPU.ActiveCfg = Debug|Any CPU
		{64A3F377-018C-4CED-922D-827923035FDB}.Debug|Any CPU.Build.0 = Debug|Any CPU
		{64A3F377-018C-4CED-922D-827923035FDB}.Release|Any CPU.ActiveCfg = Release|Any CPU
		{64A3F377-018C-4CED-922D-827923035FDB}.Release|Any CPU.Build.0 = Release|Any CPU
	EndGlobalSection
	GlobalSection(SolutionProperties) = preSolution
		HideSolutionNode = FALSE
	EndGlobalSection
	GlobalSection(ExtensibilityGlobals) = postSolution
		SolutionGuid = {076FABAF-1D8D-4055-8A87-438C1F630138}
	EndGlobalSection
EndGlobal
